
Microsoft Visual Studio Solution File, Format Version 12.00
# Visual Studio Version 17
Project("{8BC9CEB8-8B4A-11D0-8D11-00A0C91BC942}") = "ALL_BUILD", "ALL_BUILD.vcxproj", "{C1EC82CD-FD41-3811-A3A4-C4262160529F}"
	ProjectSection(ProjectDependencies) = postProject
		{C1F5B434-B247-3031-BF50-A0EA2542C35C} = {C1F5B434-B247-3031-BF50-A0EA2542C35C}
		{3A944D85-9091-3BE6-9805-FB2CF78D7BF3} = {3A944D85-9091-3BE6-9805-FB2CF78D7BF3}
		{3D8E5D79-FE2A-383A-9BF0-BE492D8CA5CD} = {3D8E5D79-FE2A-383A-9BF0-BE492D8CA5CD}
		{38BE1F4E-8310-31D5-A952-BF38F55BD94A} = {38BE1F4E-8310-31D5-A952-BF38F55BD94A}
		{C2176B6A-3613-3703-9FFE-811C6A914ECD} = {C2176B6A-3613-3703-9FFE-811C6A914ECD}
	EndProjectSection
EndProject
Project("{8BC9CEB8-8B4A-11D0-8D11-00A0C91BC942}") = "ZERO_CHECK", "ZERO_CHECK.vcxproj", "{C1F5B434-B247-3031-BF50-A0EA2542C35C}"
	ProjectSection(ProjectDependencies) = postProject
	EndProjectSection
EndProject
Project("{8BC9CEB8-8B4A-11D0-8D11-00A0C91BC942}") = "calibur", "calibur.vcxproj", "{3A944D85-9091-3BE6-9805-FB2CF78D7BF3}"
	ProjectSection(ProjectDependencies) = postProject
		{C1F5B434-B247-3031-BF50-A0EA2542C35C} = {C1F5B434-B247-3031-BF50-A0EA2542C35C}
	EndProjectSection
EndProject
Project("{8BC9CEB8-8B4A-11D0-8D11-00A0C91BC942}") = "test", "test.vcxproj", "{3D8E5D79-FE2A-383A-9BF0-BE492D8CA5CD}"
	ProjectSection(ProjectDependencies) = postProject
		{C1F5B434-B247-3031-BF50-A0EA2542C35C} = {C1F5B434-B247-3031-BF50-A0EA2542C35C}
		{3A944D85-9091-3BE6-9805-FB2CF78D7BF3} = {3A944D85-9091-3BE6-9805-FB2CF78D7BF3}
	EndProjectSection
EndProject
Project("{8BC9CEB8-8B4A-11D0-8D11-00A0C91BC942}") = "test_config", "test_config.vcxproj", "{38BE1F4E-8310-31D5-A952-BF38F55BD94A}"
	ProjectSection(ProjectDependencies) = postProject
		{C1F5B434-B247-3031-BF50-A0EA2542C35C} = {C1F5B434-B247-3031-BF50-A0EA2542C35C}
		{3A944D85-9091-3BE6-9805-FB2CF78D7BF3} = {3A944D85-9091-3BE6-9805-FB2CF78D7BF3}
	EndProjectSection
EndProject
Project("{8BC9CEB8-8B4A-11D0-8D11-00A0C91BC942}") = "test_send_data", "test_send_data.vcxproj", "{C2176B6A-3613-3703-9FFE-811C6A914ECD}"
	ProjectSection(ProjectDependencies) = postProject
		{C1F5B434-B247-3031-BF50-A0EA2542C35C} = {C1F5B434-B247-3031-BF50-A0EA2542C35C}
		{3A944D85-9091-3BE6-9805-FB2CF78D7BF3} = {3A944D85-9091-3BE6-9805-FB2CF78D7BF3}
	EndProjectSection
EndProject
Global
	GlobalSection(SolutionConfigurationPlatforms) = preSolution
		Debug|x64 = Debug|x64
		Release|x64 = Release|x64
		MinSizeRel|x64 = MinSizeRel|x64
		RelWithDebInfo|x64 = RelWithDebInfo|x64
	EndGlobalSection
	GlobalSection(ProjectConfigurationPlatforms) = postSolution
		{C1EC82CD-FD41-3811-A3A4-C4262160529F}.Debug|x64.ActiveCfg = Debug|x64
		{C1EC82CD-FD41-3811-A3A4-C4262160529F}.Release|x64.ActiveCfg = Release|x64
		{C1EC82CD-FD41-3811-A3A4-C4262160529F}.MinSizeRel|x64.ActiveCfg = MinSizeRel|x64
		{C1EC82CD-FD41-3811-A3A4-C4262160529F}.RelWithDebInfo|x64.ActiveCfg = RelWithDebInfo|x64
		{C1F5B434-B247-3031-BF50-A0EA2542C35C}.Debug|x64.ActiveCfg = Debug|x64
		{C1F5B434-B247-3031-BF50-A0EA2542C35C}.Debug|x64.Build.0 = Debug|x64
		{C1F5B434-B247-3031-BF50-A0EA2542C35C}.Release|x64.ActiveCfg = Release|x64
		{C1F5B434-B247-3031-BF50-A0EA2542C35C}.Release|x64.Build.0 = Release|x64
		{C1F5B434-B247-3031-BF50-A0EA2542C35C}.MinSizeRel|x64.ActiveCfg = MinSizeRel|x64
		{C1F5B434-B247-3031-BF50-A0EA2542C35C}.MinSizeRel|x64.Build.0 = MinSizeRel|x64
		{C1F5B434-B247-3031-BF50-A0EA2542C35C}.RelWithDebInfo|x64.ActiveCfg = RelWithDebInfo|x64
		{C1F5B434-B247-3031-BF50-A0EA2542C35C}.RelWithDebInfo|x64.Build.0 = RelWithDebInfo|x64
		{3A944D85-9091-3BE6-9805-FB2CF78D7BF3}.Debug|x64.ActiveCfg = Debug|x64
		{3A944D85-9091-3BE6-9805-FB2CF78D7BF3}.Debug|x64.Build.0 = Debug|x64
		{3A944D85-9091-3BE6-9805-FB2CF78D7BF3}.Release|x64.ActiveCfg = Release|x64
		{3A944D85-9091-3BE6-9805-FB2CF78D7BF3}.Release|x64.Build.0 = Release|x64
		{3A944D85-9091-3BE6-9805-FB2CF78D7BF3}.MinSizeRel|x64.ActiveCfg = MinSizeRel|x64
		{3A944D85-9091-3BE6-9805-FB2CF78D7BF3}.MinSizeRel|x64.Build.0 = MinSizeRel|x64
		{3A944D85-9091-3BE6-9805-FB2CF78D7BF3}.RelWithDebInfo|x64.ActiveCfg = RelWithDebInfo|x64
		{3A944D85-9091-3BE6-9805-FB2CF78D7BF3}.RelWithDebInfo|x64.Build.0 = RelWithDebInfo|x64
		{3D8E5D79-FE2A-383A-9BF0-BE492D8CA5CD}.Debug|x64.ActiveCfg = Debug|x64
		{3D8E5D79-FE2A-383A-9BF0-BE492D8CA5CD}.Debug|x64.Build.0 = Debug|x64
		{3D8E5D79-FE2A-383A-9BF0-BE492D8CA5CD}.Release|x64.ActiveCfg = Release|x64
		{3D8E5D79-FE2A-383A-9BF0-BE492D8CA5CD}.Release|x64.Build.0 = Release|x64
		{3D8E5D79-FE2A-383A-9BF0-BE492D8CA5CD}.MinSizeRel|x64.ActiveCfg = MinSizeRel|x64
		{3D8E5D79-FE2A-383A-9BF0-BE492D8CA5CD}.MinSizeRel|x64.Build.0 = MinSizeRel|x64
		{3D8E5D79-FE2A-383A-9BF0-BE492D8CA5CD}.RelWithDebInfo|x64.ActiveCfg = RelWithDebInfo|x64
		{3D8E5D79-FE2A-383A-9BF0-BE492D8CA5CD}.RelWithDebInfo|x64.Build.0 = RelWithDebInfo|x64
		{38BE1F4E-8310-31D5-A952-BF38F55BD94A}.Debug|x64.ActiveCfg = Debug|x64
		{38BE1F4E-8310-31D5-A952-BF38F55BD94A}.Debug|x64.Build.0 = Debug|x64
		{38BE1F4E-8310-31D5-A952-BF38F55BD94A}.Release|x64.ActiveCfg = Release|x64
		{38BE1F4E-8310-31D5-A952-BF38F55BD94A}.Release|x64.Build.0 = Release|x64
		{38BE1F4E-8310-31D5-A952-BF38F55BD94A}.MinSizeRel|x64.ActiveCfg = MinSizeRel|x64
		{38BE1F4E-8310-31D5-A952-BF38F55BD94A}.MinSizeRel|x64.Build.0 = MinSizeRel|x64
		{38BE1F4E-8310-31D5-A952-BF38F55BD94A}.RelWithDebInfo|x64.ActiveCfg = RelWithDebInfo|x64
		{38BE1F4E-8310-31D5-A952-BF38F55BD94A}.RelWithDebInfo|x64.Build.0 = RelWithDebInfo|x64
		{C2176B6A-3613-3703-9FFE-811C6A914ECD}.Debug|x64.ActiveCfg = Debug|x64
		{C2176B6A-3613-3703-9FFE-811C6A914ECD}.Debug|x64.Build.0 = Debug|x64
		{C2176B6A-3613-3703-9FFE-811C6A914ECD}.Release|x64.ActiveCfg = Release|x64
		{C2176B6A-3613-3703-9FFE-811C6A914ECD}.Release|x64.Build.0 = Release|x64
		{C2176B6A-3613-3703-9FFE-811C6A914ECD}.MinSizeRel|x64.ActiveCfg = MinSizeRel|x64
		{C2176B6A-3613-3703-9FFE-811C6A914ECD}.MinSizeRel|x64.Build.0 = MinSizeRel|x64
		{C2176B6A-3613-3703-9FFE-811C6A914ECD}.RelWithDebInfo|x64.ActiveCfg = RelWithDebInfo|x64
		{C2176B6A-3613-3703-9FFE-811C6A914ECD}.RelWithDebInfo|x64.Build.0 = RelWithDebInfo|x64
	EndGlobalSection
	GlobalSection(ExtensibilityGlobals) = postSolution
		SolutionGuid = {F77F69AA-7BC2-3D8C-A2D5-4CF57E01F5E9}
	EndGlobalSection
	GlobalSection(ExtensibilityAddIns) = postSolution
	EndGlobalSection
EndGlobal
